
Microsoft Visual Studio Solution File, Format Version 12.00
# Visual Studio 15
VisualStudioVersion = 15.0.27130.2026
MinimumVisualStudioVersion = 10.0.40219.1
Project("{FAE04EC0-301F-11D3-BF4B-00C04F79EFBC}") = "Fidl", "Fidl\Fidl.csproj", "{5565B712-19A2-423F-8F0D-9394EEF9DB56}"
EndProject
Global
	GlobalSection(SolutionConfigurationPlatforms) = preSolution
		Debug|Any CPU = Debug|Any CPU
		Release|Any CPU = Release|Any CPU
	EndGlobalSection
	GlobalSection(ProjectConfigurationPlatforms) = postSolution
		{5565B712-19A2-423F-8F0D-9394EEF9DB56}.Debug|Any CPU.ActiveCfg = Debug|Any CPU
		{5565B712-19A2-423F-8F0D-9394EEF9DB56}.Debug|Any CPU.Build.0 = Debug|Any CPU
		{5565B712-19A2-423F-8F0D-9394EEF9DB56}.Release|Any CPU.ActiveCfg = Release|Any CPU
		{5565B712-19A2-423F-8F0D-9394EEF9DB56}.Release|Any CPU.Build.0 = Release|Any CPU
	EndGlobalSection
	GlobalSection(SolutionProperties) = preSolution
		HideSolutionNode = FALSE
	EndGlobalSection
	GlobalSection(ExtensibilityGlobals) = postSolution
		SolutionGuid = {F2ECD1E3-E3C7-4D56-BA09-5692E5457D52}
	EndGlobalSection
EndGlobal
